// !$*UTF8*$!
{
	archiveVersion = 1;
	classes = {
	};
	objectVersion = 56;
	objects = {

/* Begin PBXBuildFile section */
		66765BD12991996C003E3657 /* AppDelegate.swift in Sources */ = {isa = PBXBuildFile; fileRef = 66765BD02991996C003E3657 /* AppDelegate.swift */; };
		66765BD52991996E003E3657 /* Assets.xcassets in Resources */ = {isa = PBXBuildFile; fileRef = 66765BD42991996E003E3657 /* Assets.xcassets */; };
		66765BE0299295EE003E3657 /* main.swift in Sources */ = {isa = PBXBuildFile; fileRef = 66765BDF299295EE003E3657 /* main.swift */; };
		66765BE329929BA9003E3657 /* InfoViewController.swift in Sources */ = {isa = PBXBuildFile; fileRef = 66765BE229929BA9003E3657 /* InfoViewController.swift */; };
		667BCF9329941BA7009C9213 /* TabViewController.swift in Sources */ = {isa = PBXBuildFile; fileRef = 667BCF9229941BA7009C9213 /* TabViewController.swift */; };
		667BCF9629942081009C9213 /* InfoModel.swift in Sources */ = {isa = PBXBuildFile; fileRef = 667BCF9529942081009C9213 /* InfoModel.swift */; };
		66C5A1AB299528F90039C10D /* InfoViewModel.swift in Sources */ = {isa = PBXBuildFile; fileRef = 66C5A1AA299528F90039C10D /* InfoViewModel.swift */; };
/* End PBXBuildFile section */

/* Begin PBXFileReference section */
		66765BCD2991996C003E3657 /* macTest.app */ = {isa = PBXFileReference; explicitFileType = wrapper.application; includeInIndex = 0; path = macTest.app; sourceTree = BUILT_PRODUCTS_DIR; };
		66765BD02991996C003E3657 /* AppDelegate.swift */ = {isa = PBXFileReference; lastKnownFileType = sourcecode.swift; path = AppDelegate.swift; sourceTree = "<group>"; };
		66765BD42991996E003E3657 /* Assets.xcassets */ = {isa = PBXFileReference; lastKnownFileType = folder.assetcatalog; path = Assets.xcassets; sourceTree = "<group>"; };
		66765BD92991996E003E3657 /* macTest.entitlements */ = {isa = PBXFileReference; lastKnownFileType = text.plist.entitlements; path = macTest.entitlements; sourceTree = "<group>"; };
		66765BDF299295EE003E3657 /* main.swift */ = {isa = PBXFileReference; lastKnownFileType = sourcecode.swift; path = main.swift; sourceTree = "<group>"; };
		66765BE229929BA9003E3657 /* InfoViewController.swift */ = {isa = PBXFileReference; lastKnownFileType = sourcecode.swift; path = InfoViewController.swift; sourceTree = "<group>"; };
		667BCF9229941BA7009C9213 /* TabViewController.swift */ = {isa = PBXFileReference; lastKnownFileType = sourcecode.swift; path = TabViewController.swift; sourceTree = "<group>"; };
		667BCF9529942081009C9213 /* InfoModel.swift */ = {isa = PBXFileReference; lastKnownFileType = sourcecode.swift; path = InfoModel.swift; sourceTree = "<group>"; };
		66C5A1AA299528F90039C10D /* InfoViewModel.swift */ = {isa = PBXFileReference; lastKnownFileType = sourcecode.swift; path = InfoViewModel.swift; sourceTree = "<group>"; };
/* End PBXFileReference section */

/* Begin PBXFrameworksBuildPhase section */
		66765BCA2991996C003E3657 /* Frameworks */ = {
			isa = PBXFrameworksBuildPhase;
			buildActionMask = 2147483647;
			files = (
			);
			runOnlyForDeploymentPostprocessing = 0;
		};
/* End PBXFrameworksBuildPhase section */

/* Begin PBXGroup section */
		66765BC42991996C003E3657 = {
			isa = PBXGroup;
			children = (
				66765BCF2991996C003E3657 /* macTest */,
				66765BCE2991996C003E3657 /* Products */,
			);
			sourceTree = "<group>";
		};
		66765BCE2991996C003E3657 /* Products */ = {
			isa = PBXGroup;
			children = (
				66765BCD2991996C003E3657 /* macTest.app */,
			);
			name = Products;
			sourceTree = "<group>";
		};
		66765BCF2991996C003E3657 /* macTest */ = {
			isa = PBXGroup;
			children = (
				66C5A1A9299528E50039C10D /* ViewModel */,
				667BCF942994205C009C9213 /* Model */,
				66765BE129929B81003E3657 /* View */,
				66765BD02991996C003E3657 /* AppDelegate.swift */,
				66765BD42991996E003E3657 /* Assets.xcassets */,
				66765BD92991996E003E3657 /* macTest.entitlements */,
				66765BDF299295EE003E3657 /* main.swift */,
			);
			path = macTest;
			sourceTree = "<group>";
		};
		66765BE129929B81003E3657 /* View */ = {
			isa = PBXGroup;
			children = (
				66765BE229929BA9003E3657 /* InfoViewController.swift */,
				667BCF9229941BA7009C9213 /* TabViewController.swift */,
			);
			path = View;
			sourceTree = "<group>";
		};
		667BCF942994205C009C9213 /* Model */ = {
			isa = PBXGroup;
			children = (
				667BCF9529942081009C9213 /* InfoModel.swift */,
			);
			path = Model;
			sourceTree = "<group>";
		};
		66C5A1A9299528E50039C10D /* ViewModel */ = {
			isa = PBXGroup;
			children = (
				66C5A1AA299528F90039C10D /* InfoViewModel.swift */,
			);
			path = ViewModel;
			sourceTree = "<group>";
		};
/* End PBXGroup section */

/* Begin PBXNativeTarget section */
		66765BCC2991996C003E3657 /* macTest */ = {
			isa = PBXNativeTarget;
			buildConfigurationList = 66765BDC2991996E003E3657 /* Build configuration list for PBXNativeTarget "macTest" */;
			buildPhases = (
				66765BC92991996C003E3657 /* Sources */,
				66765BCA2991996C003E3657 /* Frameworks */,
				66765BCB2991996C003E3657 /* Resources */,
			);
			buildRules = (
			);
			dependencies = (
			);
			name = macTest;
			productName = macTest;
			productReference = 66765BCD2991996C003E3657 /* macTest.app */;
			productType = "com.apple.product-type.application";
		};
/* End PBXNativeTarget section */

/* Begin PBXProject section */
		66765BC52991996C003E3657 /* Project object */ = {
			isa = PBXProject;
			attributes = {
				BuildIndependentTargetsInParallel = 1;
				LastSwiftUpdateCheck = 1420;
				LastUpgradeCheck = 1420;
				TargetAttributes = {
					66765BCC2991996C003E3657 = {
						CreatedOnToolsVersion = 14.2;
					};
				};
			};
			buildConfigurationList = 66765BC82991996C003E3657 /* Build configuration list for PBXProject "macTest" */;
			compatibilityVersion = "Xcode 14.0";
			developmentRegion = en;
			hasScannedForEncodings = 0;
			knownRegions = (
				en,
				Base,
			);
			mainGroup = 66765BC42991996C003E3657;
			productRefGroup = 66765BCE2991996C003E3657 /* Products */;
			projectDirPath = "";
			projectRoot = "";
			targets = (
				66765BCC2991996C003E3657 /* macTest */,
			);
		};
/* End PBXProject section */

/* Begin PBXResourcesBuildPhase section */
		66765BCB2991996C003E3657 /* Resources */ = {
			isa = PBXResourcesBuildPhase;
			buildActionMask = 2147483647;
			files = (
				66765BD52991996E003E3657 /* Assets.xcassets in Resources */,
			);
			runOnlyForDeploymentPostprocessing = 0;
		};
/* End PBXResourcesBuildPhase section */

/* Begin PBXSourcesBuildPhase section */
		66765BC92991996C003E3657 /* Sources */ = {
			isa = PBXSourcesBuildPhase;
			buildActionMask = 2147483647;
			files = (
				66765BE0299295EE003E3657 /* main.swift in Sources */,
				66765BD12991996C003E3657 /* AppDelegate.swift in Sources */,
				66C5A1AB299528F90039C10D /* InfoViewModel.swift in Sources */,
				667BCF9329941BA7009C9213 /* TabViewController.swift in Sources */,
				66765BE329929BA9003E3657 /* InfoViewController.swift in Sources */,
				667BCF9629942081009C9213 /* InfoModel.swift in Sources */,
			);
			runOnlyForDeploymentPostprocessing = 0;
		};
/* End PBXSourcesBuildPhase section */

/* Begin XCBuildConfiguration section */
		66765BDA2991996E003E3657 /* Debug */ = {
			isa = XCBuildConfiguration;
			buildSettings = {
				ALWAYS_SEARCH_USER_PATHS = NO;
				CLANG_ANALYZER_NONNULL = YES;
				CLANG_ANALYZER_NUMBER_OBJECT_CONVERSION = YES_AGGRESSIVE;
				CLANG_CXX_LANGUAGE_STANDARD = "gnu++20";
				CLANG_ENABLE_MODULES = YES;
				CLANG_ENABLE_OBJC_ARC = YES;
				CLANG_ENABLE_OBJC_WEAK = YES;
				CLANG_WARN_BLOCK_CAPTURE_AUTORELEASING = YES;
				CLANG_WARN_BOOL_CONVERSION = YES;
				CLANG_WARN_COMMA = YES;
				CLANG_WARN_CONSTANT_CONVERSION = YES;
				CLANG_WARN_DEPRECATED_OBJC_IMPLEMENTATIONS = YES;
				CLANG_WARN_DIRECT_OBJC_ISA_USAGE = YES_ERROR;
				CLANG_WARN_DOCUMENTATION_COMMENTS = YES;
				CLANG_WARN_EMPTY_BODY = YES;
				CLANG_WARN_ENUM_CONVERSION = YES;
				CLANG_WARN_INFINITE_RECURSION = YES;
				CLANG_WARN_INT_CONVERSION = YES;
				CLANG_WARN_NON_LITERAL_NULL_CONVERSION = YES;
				CLANG_WARN_OBJC_IMPLICIT_RETAIN_SELF = YES;
				CLANG_WARN_OBJC_LITERAL_CONVERSION = YES;
				CLANG_WARN_OBJC_ROOT_CLASS = YES_ERROR;
				CLANG_WARN_QUOTED_INCLUDE_IN_FRAMEWORK_HEADER = YES;
				CLANG_WARN_RANGE_LOOP_ANALYSIS = YES;
				CLANG_WARN_STRICT_PROTOTYPES = YES;
				CLANG_WARN_SUSPICIOUS_MOVE = YES;
				CLANG_WARN_UNGUARDED_AVAILABILITY = YES_AGGRESSIVE;
				CLANG_WARN_UNREACHABLE_CODE = YES;
				CLANG_WARN__DUPLICATE_METHOD_MATCH = YES;
				COPY_PHASE_STRIP = NO;
				DEBUG_INFORMATION_FORMAT = dwarf;
				ENABLE_STRICT_OBJC_MSGSEND = YES;
				ENABLE_TESTABILITY = YES;
				GCC_C_LANGUAGE_STANDARD = gnu11;
				GCC_DYNAMIC_NO_PIC = NO;
				GCC_NO_COMMON_BLOCKS = YES;
				GCC_OPTIMIZATION_LEVEL = 0;
				GCC_PREPROCESSOR_DEFINITIONS = (
					"DEBUG=1",
					"$(inherited)",
				);
				GCC_WARN_64_TO_32_BIT_CONVERSION = YES;
				GCC_WARN_ABOUT_RETURN_TYPE = YES_ERROR;
				GCC_WARN_UNDECLARED_SELECTOR = YES;
				GCC_WARN_UNINITIALIZED_AUTOS = YES_AGGRESSIVE;
				GCC_WARN_UNUSED_FUNCTION = YES;
				GCC_WARN_UNUSED_VARIABLE = YES;
				MACOSX_DEPLOYMENT_TARGET = 13.1;
				MTL_ENABLE_DEBUG_INFO = INCLUDE_SOURCE;
				MTL_FAST_MATH = YES;
				ONLY_ACTIVE_ARCH = YES;
				SDKROOT = macosx;
				SWIFT_ACTIVE_COMPILATION_CONDITIONS = DEBUG;
				SWIFT_OPTIMIZATION_LEVEL = "-Onone";
			};
			name = Debug;
		};
		66765BDB2991996E003E3657 /* Release */ = {
			isa = XCBuildConfiguration;
			buildSettings = {
				ALWAYS_SEARCH_USER_PATHS = NO;
				CLANG_ANALYZER_NONNULL = YES;
				CLANG_ANALYZER_NUMBER_OBJECT_CONVERSION = YES_AGGRESSIVE;
				CLANG_CXX_LANGUAGE_STANDARD = "gnu++20";
				CLANG_ENABLE_MODULES = YES;
				CLANG_ENABLE_OBJC_ARC = YES;
				CLANG_ENABLE_OBJC_WEAK = YES;
				CLANG_WARN_BLOCK_CAPTURE_AUTORELEASING = YES;
				CLANG_WARN_BOOL_CONVERSION = YES;
				CLANG_WARN_COMMA = YES;
				CLANG_WARN_CONSTANT_CONVERSION = YES;
				CLANG_WARN_DEPRECATED_OBJC_IMPLEMENTATIONS = YES;
				CLANG_WARN_DIRECT_OBJC_ISA_USAGE = YES_ERROR;
				CLANG_WARN_DOCUMENTATION_COMMENTS = YES;
				CLANG_WARN_EMPTY_BODY = YES;
				CLANG_WARN_ENUM_CONVERSION = YES;
				CLANG_WARN_INFINITE_RECURSION = YES;
				CLANG_WARN_INT_CONVERSION = YES;
				CLANG_WARN_NON_LITERAL_NULL_CONVERSION = YES;
				CLANG_WARN_OBJC_IMPLICIT_RETAIN_SELF = YES;
				CLANG_WARN_OBJC_LITERAL_CONVERSION = YES;
				CLANG_WARN_OBJC_ROOT_CLASS = YES_ERROR;
				CLANG_WARN_QUOTED_INCLUDE_IN_FRAMEWORK_HEADER = YES;
				CLANG_WARN_RANGE_LOOP_ANALYSIS = YES;
				CLANG_WARN_STRICT_PROTOTYPES = YES;
				CLANG_WARN_SUSPICIOUS_MOVE = YES;
				CLANG_WARN_UNGUARDED_AVAILABILITY = YES_AGGRESSIVE;
				CLANG_WARN_UNREACHABLE_CODE = YES;
				CLANG_WARN__DUPLICATE_METHOD_MATCH = YES;
				COPY_PHASE_STRIP = NO;
				DEBUG_INFORMATION_FORMAT = "dwarf-with-dsym";
				ENABLE_NS_ASSERTIONS = NO;
				ENABLE_STRICT_OBJC_MSGSEND = YES;
				GCC_C_LANGUAGE_STANDARD = gnu11;
				GCC_NO_COMMON_BLOCKS = YES;
				GCC_WARN_64_TO_32_BIT_CONVERSION = YES;
				GCC_WARN_ABOUT_RETURN_TYPE = YES_ERROR;
				GCC_WARN_UNDECLARED_SELECTOR = YES;
				GCC_WARN_UNINITIALIZED_AUTOS = YES_AGGRESSIVE;
				GCC_WARN_UNUSED_FUNCTION = YES;
				GCC_WARN_UNUSED_VARIABLE = YES;
				MACOSX_DEPLOYMENT_TARGET = 13.1;
				MTL_ENABLE_DEBUG_INFO = NO;
				MTL_FAST_MATH = YES;
				SDKROOT = macosx;
				SWIFT_COMPILATION_MODE = wholemodule;
				SWIFT_OPTIMIZATION_LEVEL = "-O";
			};
			name = Release;
		};
		66765BDD2991996E003E3657 /* Debug */ = {
			isa = XCBuildConfiguration;
			buildSettings = {
				ASSETCATALOG_COMPILER_APPICON_NAME = AppIcon;
				ASSETCATALOG_COMPILER_GLOBAL_ACCENT_COLOR_NAME = AccentColor;
				CODE_SIGN_ENTITLEMENTS = macTest/macTest.entitlements;
				CODE_SIGN_STYLE = Automatic;
				COMBINE_HIDPI_IMAGES = YES;
				CURRENT_PROJECT_VERSION = 1;
				DEVELOPMENT_TEAM = JLB6AGL526;
				ENABLE_HARDENED_RUNTIME = YES;
				GENERATE_INFOPLIST_FILE = YES;
				INFOPLIST_KEY_NSHumanReadableCopyright = "";
				LD_RUNPATH_SEARCH_PATHS = (
					"$(inherited)",
					"@executable_path/../Frameworks",
				);
				MARKETING_VERSION = 1.0;
				PRODUCT_BUNDLE_IDENTIFIER = gustavo.com.macTest;
				PRODUCT_NAME = "$(TARGET_NAME)";
				SWIFT_EMIT_LOC_STRINGS = YES;
				SWIFT_VERSION = 5.0;
			};
			name = Debug;
		};
		66765BDE2991996E003E3657 /* Release */ = {
			isa = XCBuildConfiguration;
			buildSettings = {
				ASSETCATALOG_COMPILER_APPICON_NAME = AppIcon;
				ASSETCATALOG_COMPILER_GLOBAL_ACCENT_COLOR_NAME = AccentColor;
				CODE_SIGN_ENTITLEMENTS = macTest/macTest.entitlements;
				CODE_SIGN_STYLE = Automatic;
				COMBINE_HIDPI_IMAGES = YES;
				CURRENT_PROJECT_VERSION = 1;
				DEVELOPMENT_TEAM = JLB6AGL526;
				ENABLE_HARDENED_RUNTIME = YES;
				GENERATE_INFOPLIST_FILE = YES;
				INFOPLIST_KEY_NSHumanReadableCopyright = "";
				LD_RUNPATH_SEARCH_PATHS = (
					"$(inherited)",
					"@executable_path/../Frameworks",
				);
				MARKETING_VERSION = 1.0;
				PRODUCT_BUNDLE_IDENTIFIER = gustavo.com.macTest;
				PRODUCT_NAME = "$(TARGET_NAME)";
				SWIFT_EMIT_LOC_STRINGS = YES;
				SWIFT_VERSION = 5.0;
			};
			name = Release;
		};
/* End XCBuildConfiguration section */

/* Begin XCConfigurationList section */
		66765BC82991996C003E3657 /* Build configuration list for PBXProject "macTest" */ = {
			isa = XCConfigurationList;
			buildConfigurations = (
				66765BDA2991996E003E3657 /* Debug */,
				66765BDB2991996E003E3657 /* Release */,
			);
			defaultConfigurationIsVisible = 0;
			defaultConfigurationName = Release;
		};
		66765BDC2991996E003E3657 /* Build configuration list for PBXNativeTarget "macTest" */ = {
			isa = XCConfigurationList;
			buildConfigurations = (
				66765BDD2991996E003E3657 /* Debug */,
				66765BDE2991996E003E3657 /* Release */,
			);
			defaultConfigurationIsVisible = 0;
			defaultConfigurationName = Release;
		};
/* End XCConfigurationList section */
	};
	rootObject = 66765BC52991996C003E3657 /* Project object */;
}
